
Microsoft Visual Studio Solution File, Format Version 12.00
# Visual Studio Version 17
VisualStudioVersion = 17.3.32819.101
MinimumVisualStudioVersion = 10.0.40219.1
Project("{FAE04EC0-301F-11D3-BF4B-00C04F79EFBC}") = "Core", "Core\Core.csproj", "{18678173-4FB8-48F6-B49C-4881C6D1F28B}"
EndProject
Project("{FAE04EC0-301F-11D3-BF4B-00C04F79EFBC}") = "Application", "Application\Application.csproj", "{1006E9D9-1583-4605-A471-2F288F501F13}"
EndProject
Project("{FAE04EC0-301F-11D3-BF4B-00C04F79EFBC}") = "Domain", "Domain\Domain.csproj", "{BAF9C4A2-47D9-42A0-AB59-636F86F0024A}"
EndProject
Project("{FAE04EC0-301F-11D3-BF4B-00C04F79EFBC}") = "Persistence", "Persistence\Persistence.csproj", "{8E74771C-C600-4D43-B441-8C06618E9866}"
EndProject
Project("{FAE04EC0-301F-11D3-BF4B-00C04F79EFBC}") = "WebApi", "WebApi\WebApi.csproj", "{C21DC7FF-83EF-4F1F-B2D7-2B67D41DC2A0}"
EndProject
Global
	GlobalSection(SolutionConfigurationPlatforms) = preSolution
		Debug|Any CPU = Debug|Any CPU
		Release|Any CPU = Release|Any CPU
	EndGlobalSection
	GlobalSection(ProjectConfigurationPlatforms) = postSolution
		{18678173-4FB8-48F6-B49C-4881C6D1F28B}.Debug|Any CPU.ActiveCfg = Debug|Any CPU
		{18678173-4FB8-48F6-B49C-4881C6D1F28B}.Debug|Any CPU.Build.0 = Debug|Any CPU
		{18678173-4FB8-48F6-B49C-4881C6D1F28B}.Release|Any CPU.ActiveCfg = Release|Any CPU
		{18678173-4FB8-48F6-B49C-4881C6D1F28B}.Release|Any CPU.Build.0 = Release|Any CPU
		{1006E9D9-1583-4605-A471-2F288F501F13}.Debug|Any CPU.ActiveCfg = Debug|Any CPU
		{1006E9D9-1583-4605-A471-2F288F501F13}.Debug|Any CPU.Build.0 = Debug|Any CPU
		{1006E9D9-1583-4605-A471-2F288F501F13}.Release|Any CPU.ActiveCfg = Release|Any CPU
		{1006E9D9-1583-4605-A471-2F288F501F13}.Release|Any CPU.Build.0 = Release|Any CPU
		{BAF9C4A2-47D9-42A0-AB59-636F86F0024A}.Debug|Any CPU.ActiveCfg = Debug|Any CPU
		{BAF9C4A2-47D9-42A0-AB59-636F86F0024A}.Debug|Any CPU.Build.0 = Debug|Any CPU
		{BAF9C4A2-47D9-42A0-AB59-636F86F0024A}.Release|Any CPU.ActiveCfg = Release|Any CPU
		{BAF9C4A2-47D9-42A0-AB59-636F86F0024A}.Release|Any CPU.Build.0 = Release|Any CPU
		{8E74771C-C600-4D43-B441-8C06618E9866}.Debug|Any CPU.ActiveCfg = Debug|Any CPU
		{8E74771C-C600-4D43-B441-8C06618E9866}.Debug|Any CPU.Build.0 = Debug|Any CPU
		{8E74771C-C600-4D43-B441-8C06618E9866}.Release|Any CPU.ActiveCfg = Release|Any CPU
		{8E74771C-C600-4D43-B441-8C06618E9866}.Release|Any CPU.Build.0 = Release|Any CPU
		{C21DC7FF-83EF-4F1F-B2D7-2B67D41DC2A0}.Debug|Any CPU.ActiveCfg = Debug|Any CPU
		{C21DC7FF-83EF-4F1F-B2D7-2B67D41DC2A0}.Debug|Any CPU.Build.0 = Debug|Any CPU
		{C21DC7FF-83EF-4F1F-B2D7-2B67D41DC2A0}.Release|Any CPU.ActiveCfg = Release|Any CPU
		{C21DC7FF-83EF-4F1F-B2D7-2B67D41DC2A0}.Release|Any CPU.Build.0 = Release|Any CPU
	EndGlobalSection
	GlobalSection(SolutionProperties) = preSolution
		HideSolutionNode = FALSE
	EndGlobalSection
	GlobalSection(ExtensibilityGlobals) = postSolution
		SolutionGuid = {8B49538B-5D11-4C5D-BB9B-6E13AD596D5C}
	EndGlobalSection
EndGlobal
